
Microsoft Visual Studio Solution File, Format Version 12.00
# Visual Studio Version 17
VisualStudioVersion = 17.0.31903.59
MinimumVisualStudioVersion = 10.0.40219.1
Project("{FAE04EC0-301F-11D3-BF4B-00C04F79EFBC}") = "CS-Particle-Sim", "src\CS-Particle-Sim.csproj", "{662DD1EC-17F5-49F1-A910-B9719E01BA19}"
EndProject
Project("{2150E333-8FDC-42A3-9474-1A3956D46DE8}") = "tests", "tests", "{EC2DA6BC-15D0-4B46-AB41-BC46366D1148}"
EndProject
Project("{FAE04EC0-301F-11D3-BF4B-00C04F79EFBC}") = "SpatialHash.Test", "tests\SpatialHash.Test\SpatialHash.Test.csproj", "{3457133E-AC9B-4E06-AFE1-38F9B830BD94}"
EndProject
Global
	GlobalSection(SolutionConfigurationPlatforms) = preSolution
		Debug|Any CPU = Debug|Any CPU
		Release|Any CPU = Release|Any CPU
	EndGlobalSection
	GlobalSection(SolutionProperties) = preSolution
		HideSolutionNode = FALSE
	EndGlobalSection
	GlobalSection(ProjectConfigurationPlatforms) = postSolution
		{3457133E-AC9B-4E06-AFE1-38F9B830BD94}.Debug|Any CPU.ActiveCfg = Debug|Any CPU
		{3457133E-AC9B-4E06-AFE1-38F9B830BD94}.Debug|Any CPU.Build.0 = Debug|Any CPU
		{3457133E-AC9B-4E06-AFE1-38F9B830BD94}.Release|Any CPU.ActiveCfg = Release|Any CPU
		{3457133E-AC9B-4E06-AFE1-38F9B830BD94}.Release|Any CPU.Build.0 = Release|Any CPU
		{662DD1EC-17F5-49F1-A910-B9719E01BA19}.Debug|Any CPU.ActiveCfg = Debug|Any CPU
		{662DD1EC-17F5-49F1-A910-B9719E01BA19}.Debug|Any CPU.Build.0 = Debug|Any CPU
		{662DD1EC-17F5-49F1-A910-B9719E01BA19}.Release|Any CPU.ActiveCfg = Release|Any CPU
		{662DD1EC-17F5-49F1-A910-B9719E01BA19}.Release|Any CPU.Build.0 = Release|Any CPU
	EndGlobalSection
	GlobalSection(NestedProjects) = preSolution
		{3457133E-AC9B-4E06-AFE1-38F9B830BD94} = {EC2DA6BC-15D0-4B46-AB41-BC46366D1148}
	EndGlobalSection
EndGlobal
